// !$*UTF8*$!
{
	archiveVersion = 1;
	classes = {
	};
	objectVersion = 48;
	objects = {

/* Begin PBXFileReference section */
		E1CABD381EF59BD800E0B179 /* CTL_server */ = {isa = PBXFileReference; lastKnownFileType = folder; name = CTL_server; path = head/CTL_server; sourceTree = "<group>"; };
		E1CABD391EF59BD800E0B179 /* doc */ = {isa = PBXFileReference; lastKnownFileType = folder; name = doc; path = head/doc; sourceTree = "<group>"; };
		E1CABD3A1EF59BD800E0B179 /* keys */ = {isa = PBXFileReference; lastKnownFileType = folder; name = keys; path = head/keys; sourceTree = "<group>"; };
		E1CABD3B1EF59BD800E0B179 /* LabVIEW */ = {isa = PBXFileReference; lastKnownFileType = folder; name = LabVIEW; path = head/LabVIEW; sourceTree = "<group>"; };
		E1CABD3C1EF59BD800E0B179 /* sandbox */ = {isa = PBXFileReference; lastKnownFileType = folder; name = sandbox; path = head/sandbox; sourceTree = "<group>"; };
/* End PBXFileReference section */

/* Begin PBXGroup section */
		E1C1DF5E1EF5964D00E168B6 = {
			isa = PBXGroup;
			children = (
				E1CABD381EF59BD800E0B179 /* CTL_server */,
				E1CABD391EF59BD800E0B179 /* doc */,
				E1CABD3A1EF59BD800E0B179 /* keys */,
				E1CABD3B1EF59BD800E0B179 /* LabVIEW */,
				E1CABD3C1EF59BD800E0B179 /* sandbox */,
			);
			sourceTree = "<group>";
		};
/* End PBXGroup section */

/* Begin PBXProject section */
		E1C1DF5F1EF5964D00E168B6 /* Project object */ = {
			isa = PBXProject;
			attributes = {
				LastUpgradeCheck = 0830;
			};
			buildConfigurationList = E1C1DF621EF5964D00E168B6 /* Build configuration list for PBXProject "TVAC" */;
			compatibilityVersion = "Xcode 8.0";
			developmentRegion = English;
			hasScannedForEncodings = 0;
			knownRegions = (
				en,
			);
			mainGroup = E1C1DF5E1EF5964D00E168B6;
			projectDirPath = "";
			projectRoot = "";
			targets = (
			);
		};
/* End PBXProject section */

/* Begin XCBuildConfiguration section */
		E1C1DF631EF5964D00E168B6 /* Debug */ = {
			isa = XCBuildConfiguration;
			buildSettings = {
			};
			name = Debug;
		};
		E1C1DF641EF5964D00E168B6 /* Release */ = {
			isa = XCBuildConfiguration;
			buildSettings = {
			};
			name = Release;
		};
/* End XCBuildConfiguration section */

/* Begin XCConfigurationList section */
		E1C1DF621EF5964D00E168B6 /* Build configuration list for PBXProject "TVAC" */ = {
			isa = XCConfigurationList;
			buildConfigurations = (
				E1C1DF631EF5964D00E168B6 /* Debug */,
				E1C1DF641EF5964D00E168B6 /* Release */,
			);
			defaultConfigurationIsVisible = 0;
			defaultConfigurationName = Release;
		};
/* End XCConfigurationList section */
	};
	rootObject = E1C1DF5F1EF5964D00E168B6 /* Project object */;
}
